
Microsoft Visual Studio Solution File, Format Version 12.00
# Visual Studio 2013
VisualStudioVersion = 12.0.40629.0
MinimumVisualStudioVersion = 10.0.40219.1
Project("{FAE04EC0-301F-11D3-BF4B-00C04F79EFBC}") = "biz.dfch.CS.Appclusive.Scheduler.Core", "biz.dfch.CS.Appclusive.Scheduler.Core\biz.dfch.CS.Appclusive.Scheduler.Core.csproj", "{ED3CBDAE-82B0-43EA-BE69-B0CAD148A209}"
	ProjectSection(ProjectDependencies) = postProject
		{F3E50A54-395D-4E02-BDE6-EDEA3C3CF578} = {F3E50A54-395D-4E02-BDE6-EDEA3C3CF578}
	EndProjectSection
EndProject
Project("{FAE04EC0-301F-11D3-BF4B-00C04F79EFBC}") = "biz.dfch.CS.Appclusive.Scheduler.Core.Tests", "biz.dfch.CS.Appclusive.Scheduler.Core.Tests\biz.dfch.CS.Appclusive.Scheduler.Core.Tests.csproj", "{8F48316C-FD5A-44DC-82AC-E20490FAC6E4}"
EndProject
Project("{FAE04EC0-301F-11D3-BF4B-00C04F79EFBC}") = "biz.dfch.CS.Appclusive.Scheduler.Public", "biz.dfch.CS.Appclusive.Scheduler.Public\biz.dfch.CS.Appclusive.Scheduler.Public.csproj", "{F3E50A54-395D-4E02-BDE6-EDEA3C3CF578}"
EndProject
Project("{FAE04EC0-301F-11D3-BF4B-00C04F79EFBC}") = "biz.dfch.CS.Appclusive.Scheduler.Extensions", "biz.dfch.CS.Appclusive.Scheduler.Extensions\biz.dfch.CS.Appclusive.Scheduler.Extensions.csproj", "{2EE216BB-08A6-4070-ADFF-38AA49B184C3}"
	ProjectSection(ProjectDependencies) = postProject
		{ED3CBDAE-82B0-43EA-BE69-B0CAD148A209} = {ED3CBDAE-82B0-43EA-BE69-B0CAD148A209}
	EndProjectSection
EndProject
Project("{FAE04EC0-301F-11D3-BF4B-00C04F79EFBC}") = "biz.dfch.CS.Appclusive.Scheduler.Extensions.Tests", "biz.dfch.CS.Appclusive.Scheduler.Extensions.Tests\biz.dfch.CS.Appclusive.Scheduler.Extensions.Tests.csproj", "{D3FBB76D-242B-48F0-809C-6AE40EAEE02D}"
EndProject
Project("{FAE04EC0-301F-11D3-BF4B-00C04F79EFBC}") = "biz.dfch.CS.Appclusive.Scheduler.Public.Tests", "biz.dfch.CS.Appclusive.Scheduler.Public.Tests\biz.dfch.CS.Appclusive.Scheduler.Public.Tests.csproj", "{623ECA49-601B-42F2-B37E-DB300106DB96}"
EndProject
Global
	GlobalSection(SolutionConfigurationPlatforms) = preSolution
		Debug|Any CPU = Debug|Any CPU
		Debug|x64 = Debug|x64
		Release|Any CPU = Release|Any CPU
		Release|x64 = Release|x64
	EndGlobalSection
	GlobalSection(ProjectConfigurationPlatforms) = postSolution
		{ED3CBDAE-82B0-43EA-BE69-B0CAD148A209}.Debug|Any CPU.ActiveCfg = Debug|Any CPU
		{ED3CBDAE-82B0-43EA-BE69-B0CAD148A209}.Debug|Any CPU.Build.0 = Debug|Any CPU
		{ED3CBDAE-82B0-43EA-BE69-B0CAD148A209}.Debug|x64.ActiveCfg = Debug|x64
		{ED3CBDAE-82B0-43EA-BE69-B0CAD148A209}.Debug|x64.Build.0 = Debug|x64
		{ED3CBDAE-82B0-43EA-BE69-B0CAD148A209}.Release|Any CPU.ActiveCfg = Release|Any CPU
		{ED3CBDAE-82B0-43EA-BE69-B0CAD148A209}.Release|Any CPU.Build.0 = Release|Any CPU
		{ED3CBDAE-82B0-43EA-BE69-B0CAD148A209}.Release|x64.ActiveCfg = Release|x64
		{ED3CBDAE-82B0-43EA-BE69-B0CAD148A209}.Release|x64.Build.0 = Release|x64
		{8F48316C-FD5A-44DC-82AC-E20490FAC6E4}.Debug|Any CPU.ActiveCfg = Debug|Any CPU
		{8F48316C-FD5A-44DC-82AC-E20490FAC6E4}.Debug|Any CPU.Build.0 = Debug|Any CPU
		{8F48316C-FD5A-44DC-82AC-E20490FAC6E4}.Debug|x64.ActiveCfg = Debug|x64
		{8F48316C-FD5A-44DC-82AC-E20490FAC6E4}.Debug|x64.Build.0 = Debug|x64
		{8F48316C-FD5A-44DC-82AC-E20490FAC6E4}.Release|Any CPU.ActiveCfg = Release|Any CPU
		{8F48316C-FD5A-44DC-82AC-E20490FAC6E4}.Release|Any CPU.Build.0 = Release|Any CPU
		{8F48316C-FD5A-44DC-82AC-E20490FAC6E4}.Release|x64.ActiveCfg = Release|x64
		{8F48316C-FD5A-44DC-82AC-E20490FAC6E4}.Release|x64.Build.0 = Release|x64
		{F3E50A54-395D-4E02-BDE6-EDEA3C3CF578}.Debug|Any CPU.ActiveCfg = Debug|Any CPU
		{F3E50A54-395D-4E02-BDE6-EDEA3C3CF578}.Debug|Any CPU.Build.0 = Debug|Any CPU
		{F3E50A54-395D-4E02-BDE6-EDEA3C3CF578}.Debug|x64.ActiveCfg = Debug|x64
		{F3E50A54-395D-4E02-BDE6-EDEA3C3CF578}.Debug|x64.Build.0 = Debug|x64
		{F3E50A54-395D-4E02-BDE6-EDEA3C3CF578}.Release|Any CPU.ActiveCfg = Release|Any CPU
		{F3E50A54-395D-4E02-BDE6-EDEA3C3CF578}.Release|Any CPU.Build.0 = Release|Any CPU
		{F3E50A54-395D-4E02-BDE6-EDEA3C3CF578}.Release|x64.ActiveCfg = Release|x64
		{F3E50A54-395D-4E02-BDE6-EDEA3C3CF578}.Release|x64.Build.0 = Release|x64
		{2EE216BB-08A6-4070-ADFF-38AA49B184C3}.Debug|Any CPU.ActiveCfg = Debug|Any CPU
		{2EE216BB-08A6-4070-ADFF-38AA49B184C3}.Debug|Any CPU.Build.0 = Debug|Any CPU
		{2EE216BB-08A6-4070-ADFF-38AA49B184C3}.Debug|x64.ActiveCfg = Debug|x64
		{2EE216BB-08A6-4070-ADFF-38AA49B184C3}.Debug|x64.Build.0 = Debug|x64
		{2EE216BB-08A6-4070-ADFF-38AA49B184C3}.Release|Any CPU.ActiveCfg = Release|Any CPU
		{2EE216BB-08A6-4070-ADFF-38AA49B184C3}.Release|Any CPU.Build.0 = Release|Any CPU
		{2EE216BB-08A6-4070-ADFF-38AA49B184C3}.Release|x64.ActiveCfg = Release|x64
		{2EE216BB-08A6-4070-ADFF-38AA49B184C3}.Release|x64.Build.0 = Release|x64
		{D3FBB76D-242B-48F0-809C-6AE40EAEE02D}.Debug|Any CPU.ActiveCfg = Debug|Any CPU
		{D3FBB76D-242B-48F0-809C-6AE40EAEE02D}.Debug|Any CPU.Build.0 = Debug|Any CPU
		{D3FBB76D-242B-48F0-809C-6AE40EAEE02D}.Debug|x64.ActiveCfg = Debug|x64
		{D3FBB76D-242B-48F0-809C-6AE40EAEE02D}.Debug|x64.Build.0 = Debug|x64
		{D3FBB76D-242B-48F0-809C-6AE40EAEE02D}.Release|Any CPU.ActiveCfg = Release|Any CPU
		{D3FBB76D-242B-48F0-809C-6AE40EAEE02D}.Release|Any CPU.Build.0 = Release|Any CPU
		{D3FBB76D-242B-48F0-809C-6AE40EAEE02D}.Release|x64.ActiveCfg = Release|x64
		{D3FBB76D-242B-48F0-809C-6AE40EAEE02D}.Release|x64.Build.0 = Release|x64
		{623ECA49-601B-42F2-B37E-DB300106DB96}.Debug|Any CPU.ActiveCfg = Debug|Any CPU
		{623ECA49-601B-42F2-B37E-DB300106DB96}.Debug|Any CPU.Build.0 = Debug|Any CPU
		{623ECA49-601B-42F2-B37E-DB300106DB96}.Debug|x64.ActiveCfg = Debug|x64
		{623ECA49-601B-42F2-B37E-DB300106DB96}.Debug|x64.Build.0 = Debug|x64
		{623ECA49-601B-42F2-B37E-DB300106DB96}.Release|Any CPU.ActiveCfg = Release|Any CPU
		{623ECA49-601B-42F2-B37E-DB300106DB96}.Release|Any CPU.Build.0 = Release|Any CPU
		{623ECA49-601B-42F2-B37E-DB300106DB96}.Release|x64.ActiveCfg = Release|x64
		{623ECA49-601B-42F2-B37E-DB300106DB96}.Release|x64.Build.0 = Release|x64
	EndGlobalSection
	GlobalSection(SolutionProperties) = preSolution
		HideSolutionNode = FALSE
	EndGlobalSection
EndGlobal
